
Microsoft Visual Studio Solution File, Format Version 12.00
# Visual Studio Version 17
VisualStudioVersion = 17.7.34202.233
MinimumVisualStudioVersion = 10.0.40219.1
Project("{FAE04EC0-301F-11D3-BF4B-00C04F79EFBC}") = "DataAccess", "DataAccess\DataAccess.csproj", "{58E65E28-1BED-48ED-96F6-9C44905D2D91}"
EndProject
Project("{FAE04EC0-301F-11D3-BF4B-00C04F79EFBC}") = "Business", "Business\Business.csproj", "{73621914-9D69-4AAC-A2E9-2B5A06EF1B1F}"
EndProject
Project("{FAE04EC0-301F-11D3-BF4B-00C04F79EFBC}") = "Entities", "Entities\Entities.csproj", "{53A2D5EC-D4D1-4B13-94B1-02A87CC7144D}"
EndProject
Project("{FAE04EC0-301F-11D3-BF4B-00C04F79EFBC}") = "ConsoleUI", "ConsoleUI\ConsoleUI.csproj", "{39D01DA7-ABCC-4E25-B003-A7C725FEF1AB}"
EndProject
Global
	GlobalSection(SolutionConfigurationPlatforms) = preSolution
		Debug|Any CPU = Debug|Any CPU
		Release|Any CPU = Release|Any CPU
	EndGlobalSection
	GlobalSection(ProjectConfigurationPlatforms) = postSolution
		{58E65E28-1BED-48ED-96F6-9C44905D2D91}.Debug|Any CPU.ActiveCfg = Debug|Any CPU
		{58E65E28-1BED-48ED-96F6-9C44905D2D91}.Debug|Any CPU.Build.0 = Debug|Any CPU
		{58E65E28-1BED-48ED-96F6-9C44905D2D91}.Release|Any CPU.ActiveCfg = Release|Any CPU
		{58E65E28-1BED-48ED-96F6-9C44905D2D91}.Release|Any CPU.Build.0 = Release|Any CPU
		{73621914-9D69-4AAC-A2E9-2B5A06EF1B1F}.Debug|Any CPU.ActiveCfg = Debug|Any CPU
		{73621914-9D69-4AAC-A2E9-2B5A06EF1B1F}.Debug|Any CPU.Build.0 = Debug|Any CPU
		{73621914-9D69-4AAC-A2E9-2B5A06EF1B1F}.Release|Any CPU.ActiveCfg = Release|Any CPU
		{73621914-9D69-4AAC-A2E9-2B5A06EF1B1F}.Release|Any CPU.Build.0 = Release|Any CPU
		{53A2D5EC-D4D1-4B13-94B1-02A87CC7144D}.Debug|Any CPU.ActiveCfg = Debug|Any CPU
		{53A2D5EC-D4D1-4B13-94B1-02A87CC7144D}.Debug|Any CPU.Build.0 = Debug|Any CPU
		{53A2D5EC-D4D1-4B13-94B1-02A87CC7144D}.Release|Any CPU.ActiveCfg = Release|Any CPU
		{53A2D5EC-D4D1-4B13-94B1-02A87CC7144D}.Release|Any CPU.Build.0 = Release|Any CPU
		{39D01DA7-ABCC-4E25-B003-A7C725FEF1AB}.Debug|Any CPU.ActiveCfg = Debug|Any CPU
		{39D01DA7-ABCC-4E25-B003-A7C725FEF1AB}.Debug|Any CPU.Build.0 = Debug|Any CPU
		{39D01DA7-ABCC-4E25-B003-A7C725FEF1AB}.Release|Any CPU.ActiveCfg = Release|Any CPU
		{39D01DA7-ABCC-4E25-B003-A7C725FEF1AB}.Release|Any CPU.Build.0 = Release|Any CPU
	EndGlobalSection
	GlobalSection(SolutionProperties) = preSolution
		HideSolutionNode = FALSE
	EndGlobalSection
	GlobalSection(ExtensibilityGlobals) = postSolution
		SolutionGuid = {82C06D66-ACF4-405D-A931-83154F637FBD}
	EndGlobalSection
EndGlobal
